// !$*UTF8*$!
{
	archiveVersion = 1;
	classes = {
	};
	objectVersion = 60;
	objects = {

/* Begin PBXBuildFile section */
		AF06CC452B69132200943CEB /* LoadingIndicatorView.swift in Sources */ = {isa = PBXBuildFile; fileRef = AF06CC442B69132200943CEB /* LoadingIndicatorView.swift */; };
		AF0A94C52BB770CD00AE6ACC /* OAuth2.swift in Sources */ = {isa = PBXBuildFile; fileRef = AF41FA852B6825B5004FC0AB /* OAuth2.swift */; };
		AF0FA3D72B7B8B67005572CF /* TaskManager.swift in Sources */ = {isa = PBXBuildFile; fileRef = AF0FA3D62B7B8B67005572CF /* TaskManager.swift */; };
		AF0FA3D82B7B8B67005572CF /* TaskManager.swift in Sources */ = {isa = PBXBuildFile; fileRef = AF0FA3D62B7B8B67005572CF /* TaskManager.swift */; };
		AF1BCFC32BB4D3DE001EC2B9 /* Profile.swift in Sources */ = {isa = PBXBuildFile; fileRef = AF1BCFC22BB4D3DE001EC2B9 /* Profile.swift */; };
		AF1BCFC42BB4D3DE001EC2B9 /* Profile.swift in Sources */ = {isa = PBXBuildFile; fileRef = AF1BCFC22BB4D3DE001EC2B9 /* Profile.swift */; };
		AF1C0C5B2B5EE5C800E1F9E4 /* WorkoutAlarmSound.aif in Resources */ = {isa = PBXBuildFile; fileRef = AF1C0C5A2B5EE5C800E1F9E4 /* WorkoutAlarmSound.aif */; };
		AF1C0C5C2B5EE5C800E1F9E4 /* WorkoutAlarmSound.aif in Resources */ = {isa = PBXBuildFile; fileRef = AF1C0C5A2B5EE5C800E1F9E4 /* WorkoutAlarmSound.aif */; };
		AF1DB30E2BB5F5B80089B159 /* DeviceInfo+watchOS.swift in Sources */ = {isa = PBXBuildFile; fileRef = AF1DB30D2BB5F5B80089B159 /* DeviceInfo+watchOS.swift */; };
		AF1DB3102BB5F61A0089B159 /* DeviceInfo.swift in Sources */ = {isa = PBXBuildFile; fileRef = AF1DB30F2BB5F61A0089B159 /* DeviceInfo.swift */; };
		AF1DB3112BB5F61A0089B159 /* DeviceInfo.swift in Sources */ = {isa = PBXBuildFile; fileRef = AF1DB30F2BB5F61A0089B159 /* DeviceInfo.swift */; };
		AF2DBABA2B601F5B00E50B47 /* WorkoutRunSlowerSound.aif in Resources */ = {isa = PBXBuildFile; fileRef = AF2DBAB82B601F5B00E50B47 /* WorkoutRunSlowerSound.aif */; };
		AF2DBABB2B601F5B00E50B47 /* WorkoutRunSlowerSound.aif in Resources */ = {isa = PBXBuildFile; fileRef = AF2DBAB82B601F5B00E50B47 /* WorkoutRunSlowerSound.aif */; };
		AF2DBABC2B601F5B00E50B47 /* WorkoutRunFasterSound.aif in Resources */ = {isa = PBXBuildFile; fileRef = AF2DBAB92B601F5B00E50B47 /* WorkoutRunFasterSound.aif */; };
		AF2DBABD2B601F5B00E50B47 /* WorkoutRunFasterSound.aif in Resources */ = {isa = PBXBuildFile; fileRef = AF2DBAB92B601F5B00E50B47 /* WorkoutRunFasterSound.aif */; };
		AF3F35512B66ACD8007399F9 /* SettingsView.swift in Sources */ = {isa = PBXBuildFile; fileRef = AF3F35502B66ACD8007399F9 /* SettingsView.swift */; };
		AF40FDC02B6E66BD00C8CFA8 /* LoadingIndicatorView.swift in Sources */ = {isa = PBXBuildFile; fileRef = AF06CC442B69132200943CEB /* LoadingIndicatorView.swift */; };
		AF41FA872B6825B5004FC0AB /* OAuth2.swift in Sources */ = {isa = PBXBuildFile; fileRef = AF41FA852B6825B5004FC0AB /* OAuth2.swift */; };
		AF43BF3C2B4C9EE800E5A89C /* AppSettings.swift in Sources */ = {isa = PBXBuildFile; fileRef = AF43BF3B2B4C9EE800E5A89C /* AppSettings.swift */; };
		AF43BF3D2B4C9EE900E5A89C /* AppSettings.swift in Sources */ = {isa = PBXBuildFile; fileRef = AF43BF3B2B4C9EE800E5A89C /* AppSettings.swift */; };
		AF53FF052B5AE4D5005DE76D /* SoundEffects.swift in Sources */ = {isa = PBXBuildFile; fileRef = AF53FF042B5AE4D5005DE76D /* SoundEffects.swift */; };
		AF53FF062B5AE4D5005DE76D /* SoundEffects.swift in Sources */ = {isa = PBXBuildFile; fileRef = AF53FF042B5AE4D5005DE76D /* SoundEffects.swift */; };
		AF56CDEE2B644C47009E8CB8 /* MotionManager.swift in Sources */ = {isa = PBXBuildFile; fileRef = AF56CDED2B644C47009E8CB8 /* MotionManager.swift */; };
		AF56CDEF2B644C47009E8CB8 /* MotionManager.swift in Sources */ = {isa = PBXBuildFile; fileRef = AF56CDED2B644C47009E8CB8 /* MotionManager.swift */; };
		AF5ACAB72B46D0710010C316 /* ruplApp.swift in Sources */ = {isa = PBXBuildFile; fileRef = AF5ACAB62B46D0710010C316 /* ruplApp.swift */; };
		AF5ACABB2B46D07A0010C316 /* Assets.xcassets in Resources */ = {isa = PBXBuildFile; fileRef = AF5ACABA2B46D07A0010C316 /* Assets.xcassets */; };
		AF5ACABE2B46D07A0010C316 /* Preview Assets.xcassets in Resources */ = {isa = PBXBuildFile; fileRef = AF5ACABD2B46D07A0010C316 /* Preview Assets.xcassets */; };
		AF5ACAC82B46D07A0010C316 /* ruplTests.swift in Sources */ = {isa = PBXBuildFile; fileRef = AF5ACAC72B46D07A0010C316 /* ruplTests.swift */; };
		AF5ACAD22B46D07A0010C316 /* ruplUITests.swift in Sources */ = {isa = PBXBuildFile; fileRef = AF5ACAD12B46D07A0010C316 /* ruplUITests.swift */; };
		AF5ACAD42B46D07A0010C316 /* ruplUITestsLaunchTests.swift in Sources */ = {isa = PBXBuildFile; fileRef = AF5ACAD32B46D07A0010C316 /* ruplUITestsLaunchTests.swift */; };
		AF5ACADA2B46D07A0010C316 /* rupl Watch App.app in Embed Watch Content */ = {isa = PBXBuildFile; fileRef = AF5ACAD92B46D07A0010C316 /* rupl Watch App.app */; settings = {ATTRIBUTES = (RemoveHeadersOnCopy, ); }; };
		AF5ACADF2B46D07A0010C316 /* ruplApp.swift in Sources */ = {isa = PBXBuildFile; fileRef = AF5ACADE2B46D07A0010C316 /* ruplApp.swift */; };
		AF5ACAE12B46D07A0010C316 /* ContentView.swift in Sources */ = {isa = PBXBuildFile; fileRef = AF5ACAE02B46D07A0010C316 /* ContentView.swift */; };
		AF5ACAE32B46D07D0010C316 /* Assets.xcassets in Resources */ = {isa = PBXBuildFile; fileRef = AF5ACAE22B46D07D0010C316 /* Assets.xcassets */; };
		AF5ACAE62B46D07D0010C316 /* Preview Assets.xcassets in Resources */ = {isa = PBXBuildFile; fileRef = AF5ACAE52B46D07D0010C316 /* Preview Assets.xcassets */; };
		AF5ACAF02B46D07E0010C316 /* rupl_Watch_AppTests.swift in Sources */ = {isa = PBXBuildFile; fileRef = AF5ACAEF2B46D07E0010C316 /* rupl_Watch_AppTests.swift */; };
		AF5ACAFA2B46D07E0010C316 /* rupl_Watch_AppUITests.swift in Sources */ = {isa = PBXBuildFile; fileRef = AF5ACAF92B46D07E0010C316 /* rupl_Watch_AppUITests.swift */; };
		AF5ACAFC2B46D07E0010C316 /* rupl_Watch_AppUITestsLaunchTests.swift in Sources */ = {isa = PBXBuildFile; fileRef = AF5ACAFB2B46D07E0010C316 /* rupl_Watch_AppUITestsLaunchTests.swift */; };
		AF5ACB182B47107F0010C316 /* WorkoutManager.swift in Sources */ = {isa = PBXBuildFile; fileRef = AF5ACB172B47107F0010C316 /* WorkoutManager.swift */; };
		AF5ACB192B47107F0010C316 /* WorkoutManager.swift in Sources */ = {isa = PBXBuildFile; fileRef = AF5ACB172B47107F0010C316 /* WorkoutManager.swift */; };
		AF5ACB1C2B4712550010C316 /* WorkoutManager+watchOS.swift in Sources */ = {isa = PBXBuildFile; fileRef = AF5ACB1A2B4712550010C316 /* WorkoutManager+watchOS.swift */; };
		AF5ACB1E2B4713FE0010C316 /* Logger.swift in Sources */ = {isa = PBXBuildFile; fileRef = AF5ACB1D2B4713FE0010C316 /* Logger.swift */; };
		AF5ACB1F2B4713FE0010C316 /* Logger.swift in Sources */ = {isa = PBXBuildFile; fileRef = AF5ACB1D2B4713FE0010C316 /* Logger.swift */; };
		AF5ACB212B472FAA0010C316 /* WorkoutManager+iOS.swift in Sources */ = {isa = PBXBuildFile; fileRef = AF5ACB202B472FAA0010C316 /* WorkoutManager+iOS.swift */; };
		AF5ACB232B4732ED0010C316 /* ControlsView.swift in Sources */ = {isa = PBXBuildFile; fileRef = AF5ACB222B4732ED0010C316 /* ControlsView.swift */; };
		AF5ACB252B4733270010C316 /* MetricsView.swift in Sources */ = {isa = PBXBuildFile; fileRef = AF5ACB242B4733270010C316 /* MetricsView.swift */; };
		AF5ACB272B4733510010C316 /* SummaryView.swift in Sources */ = {isa = PBXBuildFile; fileRef = AF5ACB262B4733510010C316 /* SummaryView.swift */; };
		AF608E5F2BD3E6F400E455D5 /* SlideButtonView.swift in Sources */ = {isa = PBXBuildFile; fileRef = AF608E5E2BD3E6F400E455D5 /* SlideButtonView.swift */; };
		AF608E602BD3E6F400E455D5 /* SlideButtonView.swift in Sources */ = {isa = PBXBuildFile; fileRef = AF608E5E2BD3E6F400E455D5 /* SlideButtonView.swift */; };
		AF720D432B504326008423D6 /* LocationManager.swift in Sources */ = {isa = PBXBuildFile; fileRef = AF720D422B504326008423D6 /* LocationManager.swift */; };
		AF720D442B504326008423D6 /* LocationManager.swift in Sources */ = {isa = PBXBuildFile; fileRef = AF720D422B504326008423D6 /* LocationManager.swift */; };
		AF7B30372B5ABC10002FEDC9 /* WorkoutStopSound.aif in Resources */ = {isa = PBXBuildFile; fileRef = AF7B30352B5ABC10002FEDC9 /* WorkoutStopSound.aif */; };
		AF7B30382B5ABC10002FEDC9 /* WorkoutStopSound.aif in Resources */ = {isa = PBXBuildFile; fileRef = AF7B30352B5ABC10002FEDC9 /* WorkoutStopSound.aif */; };
		AF7B30392B5ABC10002FEDC9 /* WorkoutStartSound.aif in Resources */ = {isa = PBXBuildFile; fileRef = AF7B30362B5ABC10002FEDC9 /* WorkoutStartSound.aif */; };
		AF7B303A2B5ABC10002FEDC9 /* WorkoutStartSound.aif in Resources */ = {isa = PBXBuildFile; fileRef = AF7B30362B5ABC10002FEDC9 /* WorkoutStartSound.aif */; };
		AF7F28682B861051005C0B6B /* TaskView.swift in Sources */ = {isa = PBXBuildFile; fileRef = AF7F28672B861051005C0B6B /* TaskView.swift */; };
		AF7F52932B5D265700856DEA /* SegmentView.swift in Sources */ = {isa = PBXBuildFile; fileRef = AF7F52922B5D265700856DEA /* SegmentView.swift */; };
		AF8312952B79415300F1C790 /* TimerManager.swift in Sources */ = {isa = PBXBuildFile; fileRef = AF8312942B79415300F1C790 /* TimerManager.swift */; };
		AF8312962B79415400F1C790 /* TimerManager.swift in Sources */ = {isa = PBXBuildFile; fileRef = AF8312942B79415300F1C790 /* TimerManager.swift */; };
		AFA0ECEA2B6D5E5B009AC138 /* OAuthInstructionView.swift in Sources */ = {isa = PBXBuildFile; fileRef = AFA0ECE92B6D5E5B009AC138 /* OAuthInstructionView.swift */; };
		AFA196072B5FAF62002EB704 /* CheckMetrics.swift in Sources */ = {isa = PBXBuildFile; fileRef = AFA196062B5FAF62002EB704 /* CheckMetrics.swift */; };
		AFA196082B5FAF62002EB704 /* CheckMetrics.swift in Sources */ = {isa = PBXBuildFile; fileRef = AFA196062B5FAF62002EB704 /* CheckMetrics.swift */; };
		AFA1960A2B5FBD95002EB704 /* Converters.swift in Sources */ = {isa = PBXBuildFile; fileRef = AFA196092B5FBD95002EB704 /* Converters.swift */; };
		AFA1960B2B5FBD95002EB704 /* Converters.swift in Sources */ = {isa = PBXBuildFile; fileRef = AFA196092B5FBD95002EB704 /* Converters.swift */; };
		AFA675582B4848B700AD5A69 /* MetricsTimelineSchedule.swift in Sources */ = {isa = PBXBuildFile; fileRef = AFA675572B4848B600AD5A69 /* MetricsTimelineSchedule.swift */; };
		AFA675592B4848B700AD5A69 /* MetricsTimelineSchedule.swift in Sources */ = {isa = PBXBuildFile; fileRef = AFA675572B4848B600AD5A69 /* MetricsTimelineSchedule.swift */; };
		AFA6755B2B48494C00AD5A69 /* ElapsedTimeView.swift in Sources */ = {isa = PBXBuildFile; fileRef = AFA6755A2B48494C00AD5A69 /* ElapsedTimeView.swift */; };
		AFA6755C2B48494C00AD5A69 /* ElapsedTimeView.swift in Sources */ = {isa = PBXBuildFile; fileRef = AFA6755A2B48494C00AD5A69 /* ElapsedTimeView.swift */; };
		AFD0B1982B5C74B90027001F /* WorkoutSegmentSound.aif in Resources */ = {isa = PBXBuildFile; fileRef = AFD0B1972B5C74B90027001F /* WorkoutSegmentSound.aif */; };
		AFD0B1992B5C74B90027001F /* WorkoutSegmentSound.aif in Resources */ = {isa = PBXBuildFile; fileRef = AFD0B1972B5C74B90027001F /* WorkoutSegmentSound.aif */; };
		AFDF39712BE6BBE100F55D9C /* WorkoutData.swift in Sources */ = {isa = PBXBuildFile; fileRef = AFDF39702BE6BBE100F55D9C /* WorkoutData.swift */; };
		AFDF39722BE6BBE100F55D9C /* WorkoutData.swift in Sources */ = {isa = PBXBuildFile; fileRef = AFDF39702BE6BBE100F55D9C /* WorkoutData.swift */; };
		AFEEDE442B5EB69700B2C27A /* StartView.swift in Sources */ = {isa = PBXBuildFile; fileRef = AFEEDE432B5EB69700B2C27A /* StartView.swift */; };
		AFEEDE462B5EB78000B2C27A /* MirroringWorkoutView.swift in Sources */ = {isa = PBXBuildFile; fileRef = AFEEDE452B5EB78000B2C27A /* MirroringWorkoutView.swift */; };
		AFEEDE482B5EB8DE00B2C27A /* WorkoutListView.swift in Sources */ = {isa = PBXBuildFile; fileRef = AFEEDE472B5EB8DE00B2C27A /* WorkoutListView.swift */; };
		AFEEDE4A2B5EBACA00B2C27A /* ChartView.swift in Sources */ = {isa = PBXBuildFile; fileRef = AFEEDE492B5EBACA00B2C27A /* ChartView.swift */; };
		AFEEDE4C2B5EBAF800B2C27A /* SummaryView.swift in Sources */ = {isa = PBXBuildFile; fileRef = AFEEDE4B2B5EBAF800B2C27A /* SummaryView.swift */; };
/* End PBXBuildFile section */

/* Begin PBXContainerItemProxy section */
		AF5ACAC42B46D07A0010C316 /* PBXContainerItemProxy */ = {
			isa = PBXContainerItemProxy;
			containerPortal = AF5ACAAB2B46D0700010C316 /* Project object */;
			proxyType = 1;
			remoteGlobalIDString = AF5ACAB22B46D0700010C316;
			remoteInfo = rupl;
		};
		AF5ACACE2B46D07A0010C316 /* PBXContainerItemProxy */ = {
			isa = PBXContainerItemProxy;
			containerPortal = AF5ACAAB2B46D0700010C316 /* Project object */;
			proxyType = 1;
			remoteGlobalIDString = AF5ACAB22B46D0700010C316;
			remoteInfo = rupl;
		};
		AF5ACADB2B46D07A0010C316 /* PBXContainerItemProxy */ = {
			isa = PBXContainerItemProxy;
			containerPortal = AF5ACAAB2B46D0700010C316 /* Project object */;
			proxyType = 1;
			remoteGlobalIDString = AF5ACAD82B46D07A0010C316;
			remoteInfo = "rupl Watch App";
		};
		AF5ACAEC2B46D07E0010C316 /* PBXContainerItemProxy */ = {
			isa = PBXContainerItemProxy;
			containerPortal = AF5ACAAB2B46D0700010C316 /* Project object */;
			proxyType = 1;
			remoteGlobalIDString = AF5ACAD82B46D07A0010C316;
			remoteInfo = "rupl Watch App";
		};
		AF5ACAF62B46D07E0010C316 /* PBXContainerItemProxy */ = {
			isa = PBXContainerItemProxy;
			containerPortal = AF5ACAAB2B46D0700010C316 /* Project object */;
			proxyType = 1;
			remoteGlobalIDString = AF5ACAD82B46D07A0010C316;
			remoteInfo = "rupl Watch App";
		};
/* End PBXContainerItemProxy section */

/* Begin PBXCopyFilesBuildPhase section */
		AF5ACB022B46D07E0010C316 /* Embed Watch Content */ = {
			isa = PBXCopyFilesBuildPhase;
			buildActionMask = 2147483647;
			dstPath = "$(CONTENTS_FOLDER_PATH)/Watch";
			dstSubfolderSpec = 16;
			files = (
				AF5ACADA2B46D07A0010C316 /* rupl Watch App.app in Embed Watch Content */,
			);
			name = "Embed Watch Content";
			runOnlyForDeploymentPostprocessing = 0;
		};
/* End PBXCopyFilesBuildPhase section */

/* Begin PBXFileReference section */
		AF06CC442B69132200943CEB /* LoadingIndicatorView.swift */ = {isa = PBXFileReference; lastKnownFileType = sourcecode.swift; path = LoadingIndicatorView.swift; sourceTree = "<group>"; };
		AF0FA3D62B7B8B67005572CF /* TaskManager.swift */ = {isa = PBXFileReference; lastKnownFileType = sourcecode.swift; path = TaskManager.swift; sourceTree = "<group>"; };
		AF1BCFC22BB4D3DE001EC2B9 /* Profile.swift */ = {isa = PBXFileReference; lastKnownFileType = sourcecode.swift; path = Profile.swift; sourceTree = "<group>"; };
		AF1C0C592B5ECDA500E1F9E4 /* rupl.entitlements */ = {isa = PBXFileReference; lastKnownFileType = text.plist.entitlements; path = rupl.entitlements; sourceTree = "<group>"; };
		AF1C0C5A2B5EE5C800E1F9E4 /* WorkoutAlarmSound.aif */ = {isa = PBXFileReference; lastKnownFileType = file; path = WorkoutAlarmSound.aif; sourceTree = "<group>"; };
		AF1DB30D2BB5F5B80089B159 /* DeviceInfo+watchOS.swift */ = {isa = PBXFileReference; lastKnownFileType = sourcecode.swift; path = "DeviceInfo+watchOS.swift"; sourceTree = "<group>"; };
		AF1DB30F2BB5F61A0089B159 /* DeviceInfo.swift */ = {isa = PBXFileReference; lastKnownFileType = sourcecode.swift; path = DeviceInfo.swift; sourceTree = "<group>"; };
		AF2DBAB82B601F5B00E50B47 /* WorkoutRunSlowerSound.aif */ = {isa = PBXFileReference; lastKnownFileType = file; path = WorkoutRunSlowerSound.aif; sourceTree = "<group>"; };
		AF2DBAB92B601F5B00E50B47 /* WorkoutRunFasterSound.aif */ = {isa = PBXFileReference; lastKnownFileType = file; path = WorkoutRunFasterSound.aif; sourceTree = "<group>"; };
		AF3F35502B66ACD8007399F9 /* SettingsView.swift */ = {isa = PBXFileReference; lastKnownFileType = sourcecode.swift; path = SettingsView.swift; sourceTree = "<group>"; };
		AF41FA852B6825B5004FC0AB /* OAuth2.swift */ = {isa = PBXFileReference; lastKnownFileType = sourcecode.swift; path = OAuth2.swift; sourceTree = "<group>"; };
		AF43BF3B2B4C9EE800E5A89C /* AppSettings.swift */ = {isa = PBXFileReference; lastKnownFileType = sourcecode.swift; path = AppSettings.swift; sourceTree = "<group>"; };
		AF53FF042B5AE4D5005DE76D /* SoundEffects.swift */ = {isa = PBXFileReference; lastKnownFileType = sourcecode.swift; path = SoundEffects.swift; sourceTree = "<group>"; };
		AF56CDED2B644C47009E8CB8 /* MotionManager.swift */ = {isa = PBXFileReference; lastKnownFileType = sourcecode.swift; path = MotionManager.swift; sourceTree = "<group>"; };
		AF5ACAB32B46D0710010C316 /* rupl.app */ = {isa = PBXFileReference; explicitFileType = wrapper.application; includeInIndex = 0; path = rupl.app; sourceTree = BUILT_PRODUCTS_DIR; };
		AF5ACAB62B46D0710010C316 /* ruplApp.swift */ = {isa = PBXFileReference; lastKnownFileType = sourcecode.swift; path = ruplApp.swift; sourceTree = "<group>"; };
		AF5ACABA2B46D07A0010C316 /* Assets.xcassets */ = {isa = PBXFileReference; lastKnownFileType = folder.assetcatalog; path = Assets.xcassets; sourceTree = "<group>"; };
		AF5ACABD2B46D07A0010C316 /* Preview Assets.xcassets */ = {isa = PBXFileReference; lastKnownFileType = folder.assetcatalog; path = "Preview Assets.xcassets"; sourceTree = "<group>"; };
		AF5ACAC32B46D07A0010C316 /* ruplTests.xctest */ = {isa = PBXFileReference; explicitFileType = wrapper.cfbundle; includeInIndex = 0; path = ruplTests.xctest; sourceTree = BUILT_PRODUCTS_DIR; };
		AF5ACAC72B46D07A0010C316 /* ruplTests.swift */ = {isa = PBXFileReference; lastKnownFileType = sourcecode.swift; path = ruplTests.swift; sourceTree = "<group>"; };
		AF5ACACD2B46D07A0010C316 /* ruplUITests.xctest */ = {isa = PBXFileReference; explicitFileType = wrapper.cfbundle; includeInIndex = 0; path = ruplUITests.xctest; sourceTree = BUILT_PRODUCTS_DIR; };
		AF5ACAD12B46D07A0010C316 /* ruplUITests.swift */ = {isa = PBXFileReference; lastKnownFileType = sourcecode.swift; path = ruplUITests.swift; sourceTree = "<group>"; };
		AF5ACAD32B46D07A0010C316 /* ruplUITestsLaunchTests.swift */ = {isa = PBXFileReference; lastKnownFileType = sourcecode.swift; path = ruplUITestsLaunchTests.swift; sourceTree = "<group>"; };
		AF5ACAD92B46D07A0010C316 /* rupl Watch App.app */ = {isa = PBXFileReference; explicitFileType = wrapper.application; includeInIndex = 0; path = "rupl Watch App.app"; sourceTree = BUILT_PRODUCTS_DIR; };
		AF5ACADE2B46D07A0010C316 /* ruplApp.swift */ = {isa = PBXFileReference; lastKnownFileType = sourcecode.swift; path = ruplApp.swift; sourceTree = "<group>"; };
		AF5ACAE02B46D07A0010C316 /* ContentView.swift */ = {isa = PBXFileReference; lastKnownFileType = sourcecode.swift; path = ContentView.swift; sourceTree = "<group>"; };
		AF5ACAE22B46D07D0010C316 /* Assets.xcassets */ = {isa = PBXFileReference; lastKnownFileType = folder.assetcatalog; path = Assets.xcassets; sourceTree = "<group>"; };
		AF5ACAE52B46D07D0010C316 /* Preview Assets.xcassets */ = {isa = PBXFileReference; lastKnownFileType = folder.assetcatalog; path = "Preview Assets.xcassets"; sourceTree = "<group>"; };
		AF5ACAEB2B46D07E0010C316 /* rupl Watch AppTests.xctest */ = {isa = PBXFileReference; explicitFileType = wrapper.cfbundle; includeInIndex = 0; path = "rupl Watch AppTests.xctest"; sourceTree = BUILT_PRODUCTS_DIR; };
		AF5ACAEF2B46D07E0010C316 /* rupl_Watch_AppTests.swift */ = {isa = PBXFileReference; lastKnownFileType = sourcecode.swift; path = rupl_Watch_AppTests.swift; sourceTree = "<group>"; };
		AF5ACAF52B46D07E0010C316 /* rupl Watch AppUITests.xctest */ = {isa = PBXFileReference; explicitFileType = wrapper.cfbundle; includeInIndex = 0; path = "rupl Watch AppUITests.xctest"; sourceTree = BUILT_PRODUCTS_DIR; };
		AF5ACAF92B46D07E0010C316 /* rupl_Watch_AppUITests.swift */ = {isa = PBXFileReference; lastKnownFileType = sourcecode.swift; path = rupl_Watch_AppUITests.swift; sourceTree = "<group>"; };
		AF5ACAFB2B46D07E0010C316 /* rupl_Watch_AppUITestsLaunchTests.swift */ = {isa = PBXFileReference; lastKnownFileType = sourcecode.swift; path = rupl_Watch_AppUITestsLaunchTests.swift; sourceTree = "<group>"; };
		AF5ACB172B47107F0010C316 /* WorkoutManager.swift */ = {isa = PBXFileReference; fileEncoding = 4; lastKnownFileType = sourcecode.swift; path = WorkoutManager.swift; sourceTree = "<group>"; };
		AF5ACB1A2B4712550010C316 /* WorkoutManager+watchOS.swift */ = {isa = PBXFileReference; fileEncoding = 4; lastKnownFileType = sourcecode.swift; path = "WorkoutManager+watchOS.swift"; sourceTree = "<group>"; };
		AF5ACB1D2B4713FE0010C316 /* Logger.swift */ = {isa = PBXFileReference; lastKnownFileType = sourcecode.swift; path = Logger.swift; sourceTree = "<group>"; };
		AF5ACB202B472FAA0010C316 /* WorkoutManager+iOS.swift */ = {isa = PBXFileReference; lastKnownFileType = sourcecode.swift; path = "WorkoutManager+iOS.swift"; sourceTree = "<group>"; };
		AF5ACB222B4732ED0010C316 /* ControlsView.swift */ = {isa = PBXFileReference; lastKnownFileType = sourcecode.swift; path = ControlsView.swift; sourceTree = "<group>"; };
		AF5ACB242B4733270010C316 /* MetricsView.swift */ = {isa = PBXFileReference; lastKnownFileType = sourcecode.swift; path = MetricsView.swift; sourceTree = "<group>"; };
		AF5ACB262B4733510010C316 /* SummaryView.swift */ = {isa = PBXFileReference; lastKnownFileType = sourcecode.swift; path = SummaryView.swift; sourceTree = "<group>"; };
		AF5ACB282B4734560010C316 /* rupl-Watch-App-Info.plist */ = {isa = PBXFileReference; lastKnownFileType = text.plist; path = "rupl-Watch-App-Info.plist"; sourceTree = SOURCE_ROOT; };
		AF5ACB292B4734790010C316 /* rupl Watch App.entitlements */ = {isa = PBXFileReference; lastKnownFileType = text.plist.entitlements; path = "rupl Watch App.entitlements"; sourceTree = "<group>"; };
		AF5ACB2A2B4736030010C316 /* Info.plist */ = {isa = PBXFileReference; lastKnownFileType = text.plist; path = Info.plist; sourceTree = "<group>"; };
		AF608E5E2BD3E6F400E455D5 /* SlideButtonView.swift */ = {isa = PBXFileReference; lastKnownFileType = sourcecode.swift; path = SlideButtonView.swift; sourceTree = "<group>"; };
		AF720D422B504326008423D6 /* LocationManager.swift */ = {isa = PBXFileReference; lastKnownFileType = sourcecode.swift; path = LocationManager.swift; sourceTree = "<group>"; };
		AF7B30352B5ABC10002FEDC9 /* WorkoutStopSound.aif */ = {isa = PBXFileReference; lastKnownFileType = file; path = WorkoutStopSound.aif; sourceTree = "<group>"; };
		AF7B30362B5ABC10002FEDC9 /* WorkoutStartSound.aif */ = {isa = PBXFileReference; lastKnownFileType = file; path = WorkoutStartSound.aif; sourceTree = "<group>"; };
		AF7F28672B861051005C0B6B /* TaskView.swift */ = {isa = PBXFileReference; lastKnownFileType = sourcecode.swift; path = TaskView.swift; sourceTree = "<group>"; };
		AF7F52922B5D265700856DEA /* SegmentView.swift */ = {isa = PBXFileReference; lastKnownFileType = sourcecode.swift; path = SegmentView.swift; sourceTree = "<group>"; };
		AF8312942B79415300F1C790 /* TimerManager.swift */ = {isa = PBXFileReference; lastKnownFileType = sourcecode.swift; path = TimerManager.swift; sourceTree = "<group>"; };
		AFA0ECE92B6D5E5B009AC138 /* OAuthInstructionView.swift */ = {isa = PBXFileReference; lastKnownFileType = sourcecode.swift; path = OAuthInstructionView.swift; sourceTree = "<group>"; };
		AFA196062B5FAF62002EB704 /* CheckMetrics.swift */ = {isa = PBXFileReference; lastKnownFileType = sourcecode.swift; path = CheckMetrics.swift; sourceTree = "<group>"; };
		AFA196092B5FBD95002EB704 /* Converters.swift */ = {isa = PBXFileReference; lastKnownFileType = sourcecode.swift; path = Converters.swift; sourceTree = "<group>"; };
		AFA675572B4848B600AD5A69 /* MetricsTimelineSchedule.swift */ = {isa = PBXFileReference; lastKnownFileType = sourcecode.swift; path = MetricsTimelineSchedule.swift; sourceTree = "<group>"; };
		AFA6755A2B48494C00AD5A69 /* ElapsedTimeView.swift */ = {isa = PBXFileReference; lastKnownFileType = sourcecode.swift; path = ElapsedTimeView.swift; sourceTree = "<group>"; };
		AFD0B1972B5C74B90027001F /* WorkoutSegmentSound.aif */ = {isa = PBXFileReference; lastKnownFileType = file; path = WorkoutSegmentSound.aif; sourceTree = "<group>"; };
		AFDF39702BE6BBE100F55D9C /* WorkoutData.swift */ = {isa = PBXFileReference; lastKnownFileType = sourcecode.swift; path = WorkoutData.swift; sourceTree = "<group>"; };
		AFEEDE432B5EB69700B2C27A /* StartView.swift */ = {isa = PBXFileReference; lastKnownFileType = sourcecode.swift; path = StartView.swift; sourceTree = "<group>"; };
		AFEEDE452B5EB78000B2C27A /* MirroringWorkoutView.swift */ = {isa = PBXFileReference; lastKnownFileType = sourcecode.swift; path = MirroringWorkoutView.swift; sourceTree = "<group>"; };
		AFEEDE472B5EB8DE00B2C27A /* WorkoutListView.swift */ = {isa = PBXFileReference; lastKnownFileType = sourcecode.swift; path = WorkoutListView.swift; sourceTree = "<group>"; };
		AFEEDE492B5EBACA00B2C27A /* ChartView.swift */ = {isa = PBXFileReference; lastKnownFileType = sourcecode.swift; path = ChartView.swift; sourceTree = "<group>"; };
		AFEEDE4B2B5EBAF800B2C27A /* SummaryView.swift */ = {isa = PBXFileReference; lastKnownFileType = sourcecode.swift; path = SummaryView.swift; sourceTree = "<group>"; };
/* End PBXFileReference section */

/* Begin PBXFrameworksBuildPhase section */
		AF5ACAB02B46D0700010C316 /* Frameworks */ = {
			isa = PBXFrameworksBuildPhase;
			buildActionMask = 2147483647;
			files = (
			);
			runOnlyForDeploymentPostprocessing = 0;
		};
		AF5ACAC02B46D07A0010C316 /* Frameworks */ = {
			isa = PBXFrameworksBuildPhase;
			buildActionMask = 2147483647;
			files = (
			);
			runOnlyForDeploymentPostprocessing = 0;
		};
		AF5ACACA2B46D07A0010C316 /* Frameworks */ = {
			isa = PBXFrameworksBuildPhase;
			buildActionMask = 2147483647;
			files = (
			);
			runOnlyForDeploymentPostprocessing = 0;
		};
		AF5ACAD62B46D07A0010C316 /* Frameworks */ = {
			isa = PBXFrameworksBuildPhase;
			buildActionMask = 2147483647;
			files = (
			);
			runOnlyForDeploymentPostprocessing = 0;
		};
		AF5ACAE82B46D07E0010C316 /* Frameworks */ = {
			isa = PBXFrameworksBuildPhase;
			buildActionMask = 2147483647;
			files = (
			);
			runOnlyForDeploymentPostprocessing = 0;
		};
		AF5ACAF22B46D07E0010C316 /* Frameworks */ = {
			isa = PBXFrameworksBuildPhase;
			buildActionMask = 2147483647;
			files = (
			);
			runOnlyForDeploymentPostprocessing = 0;
		};
/* End PBXFrameworksBuildPhase section */

/* Begin PBXGroup section */
		AF3F354A2B66A9E8007399F9 /* Views */ = {
			isa = PBXGroup;
			children = (
				AF5ACAE02B46D07A0010C316 /* ContentView.swift */,
				AF5ACB222B4732ED0010C316 /* ControlsView.swift */,
				AF5ACB242B4733270010C316 /* MetricsView.swift */,
				AFA0ECE92B6D5E5B009AC138 /* OAuthInstructionView.swift */,
				AF7F52922B5D265700856DEA /* SegmentView.swift */,
				AF3F35502B66ACD8007399F9 /* SettingsView.swift */,
				AF5ACB262B4733510010C316 /* SummaryView.swift */,
				AF7F28672B861051005C0B6B /* TaskView.swift */,
			);
			path = Views;
			sourceTree = "<group>";
		};
		AF3F354B2B66AB79007399F9 /* Models */ = {
			isa = PBXGroup;
			children = (
				AF1DB30D2BB5F5B80089B159 /* DeviceInfo+watchOS.swift */,
				AF5ACB1A2B4712550010C316 /* WorkoutManager+watchOS.swift */,
			);
			path = Models;
			sourceTree = "<group>";
		};
		AF3F354C2B66ABAD007399F9 /* Views */ = {
			isa = PBXGroup;
			children = (
				AFEEDE492B5EBACA00B2C27A /* ChartView.swift */,
				AFEEDE452B5EB78000B2C27A /* MirroringWorkoutView.swift */,
				AFEEDE432B5EB69700B2C27A /* StartView.swift */,
				AFEEDE4B2B5EBAF800B2C27A /* SummaryView.swift */,
				AFEEDE472B5EB8DE00B2C27A /* WorkoutListView.swift */,
			);
			path = Views;
			sourceTree = "<group>";
		};
		AF3F354D2B66ABBE007399F9 /* Models */ = {
			isa = PBXGroup;
			children = (
				AF5ACB202B472FAA0010C316 /* WorkoutManager+iOS.swift */,
			);
			path = Models;
			sourceTree = "<group>";
		};
		AF3F354E2B66AC3B007399F9 /* Views */ = {
			isa = PBXGroup;
			children = (
				AFA6755A2B48494C00AD5A69 /* ElapsedTimeView.swift */,
				AF06CC442B69132200943CEB /* LoadingIndicatorView.swift */,
				AF608E5E2BD3E6F400E455D5 /* SlideButtonView.swift */,
			);
			path = Views;
			sourceTree = "<group>";
		};
		AF3F354F2B66AC4D007399F9 /* Models */ = {
			isa = PBXGroup;
			children = (
				AF43BF3B2B4C9EE800E5A89C /* AppSettings.swift */,
				AFA196062B5FAF62002EB704 /* CheckMetrics.swift */,
				AFA196092B5FBD95002EB704 /* Converters.swift */,
				AF1DB30F2BB5F61A0089B159 /* DeviceInfo.swift */,
				AF720D422B504326008423D6 /* LocationManager.swift */,
				AF5ACB1D2B4713FE0010C316 /* Logger.swift */,
				AFA675572B4848B600AD5A69 /* MetricsTimelineSchedule.swift */,
				AF56CDED2B644C47009E8CB8 /* MotionManager.swift */,
				AF41FA852B6825B5004FC0AB /* OAuth2.swift */,
				AF1BCFC22BB4D3DE001EC2B9 /* Profile.swift */,
				AF53FF042B5AE4D5005DE76D /* SoundEffects.swift */,
				AF0FA3D62B7B8B67005572CF /* TaskManager.swift */,
				AF8312942B79415300F1C790 /* TimerManager.swift */,
				AFDF39702BE6BBE100F55D9C /* WorkoutData.swift */,
				AF5ACB172B47107F0010C316 /* WorkoutManager.swift */,
			);
			path = Models;
			sourceTree = "<group>";
		};
		AF5ACAAA2B46D0700010C316 = {
			isa = PBXGroup;
			children = (
				AF5ACAB42B46D0710010C316 /* Products */,
				AF5ACAB52B46D0710010C316 /* Rupl */,
				AF5ACAC62B46D07A0010C316 /* RuplTests */,
				AF5ACAD02B46D07A0010C316 /* RuplUITests */,
				AF5ACADD2B46D07A0010C316 /* Rupl Watch App */,
				AF5ACAEE2B46D07E0010C316 /* Rupl Watch AppTests */,
				AF5ACAF82B46D07E0010C316 /* Rupl Watch AppUITests */,
				AF5ACB162B4710580010C316 /* Shared */,
				AF7B30342B5ABBC9002FEDC9 /* Sounds */,
			);
			sourceTree = "<group>";
		};
		AF5ACAB42B46D0710010C316 /* Products */ = {
			isa = PBXGroup;
			children = (
				AF5ACAB32B46D0710010C316 /* rupl.app */,
				AF5ACAC32B46D07A0010C316 /* ruplTests.xctest */,
				AF5ACACD2B46D07A0010C316 /* ruplUITests.xctest */,
				AF5ACAD92B46D07A0010C316 /* rupl Watch App.app */,
				AF5ACAEB2B46D07E0010C316 /* rupl Watch AppTests.xctest */,
				AF5ACAF52B46D07E0010C316 /* rupl Watch AppUITests.xctest */,
			);
			name = Products;
			sourceTree = "<group>";
		};
		AF5ACAB52B46D0710010C316 /* Rupl */ = {
			isa = PBXGroup;
			children = (
				AF5ACABA2B46D07A0010C316 /* Assets.xcassets */,
				AF1C0C592B5ECDA500E1F9E4 /* rupl.entitlements */,
				AF5ACB2A2B4736030010C316 /* Info.plist */,
				AF5ACAB62B46D0710010C316 /* ruplApp.swift */,
				AF3F354C2B66ABAD007399F9 /* Views */,
				AF3F354D2B66ABBE007399F9 /* Models */,
				AF5ACABC2B46D07A0010C316 /* Preview Content */,
			);
			path = Rupl;
			sourceTree = "<group>";
		};
		AF5ACABC2B46D07A0010C316 /* Preview Content */ = {
			isa = PBXGroup;
			children = (
				AF5ACABD2B46D07A0010C316 /* Preview Assets.xcassets */,
			);
			path = "Preview Content";
			sourceTree = "<group>";
		};
		AF5ACAC62B46D07A0010C316 /* RuplTests */ = {
			isa = PBXGroup;
			children = (
				AF5ACAC72B46D07A0010C316 /* ruplTests.swift */,
			);
			path = RuplTests;
			sourceTree = "<group>";
		};
		AF5ACAD02B46D07A0010C316 /* RuplUITests */ = {
			isa = PBXGroup;
			children = (
				AF5ACAD12B46D07A0010C316 /* ruplUITests.swift */,
				AF5ACAD32B46D07A0010C316 /* ruplUITestsLaunchTests.swift */,
			);
			path = RuplUITests;
			sourceTree = "<group>";
		};
		AF5ACADD2B46D07A0010C316 /* Rupl Watch App */ = {
			isa = PBXGroup;
			children = (
				AF5ACAE22B46D07D0010C316 /* Assets.xcassets */,
				AF5ACB292B4734790010C316 /* rupl Watch App.entitlements */,
				AF5ACB282B4734560010C316 /* rupl-Watch-App-Info.plist */,
				AF5ACADE2B46D07A0010C316 /* ruplApp.swift */,
				AF3F354A2B66A9E8007399F9 /* Views */,
				AF3F354B2B66AB79007399F9 /* Models */,
				AF5ACAE42B46D07D0010C316 /* Preview Content */,
			);
			path = "Rupl Watch App";
			sourceTree = "<group>";
		};
		AF5ACAE42B46D07D0010C316 /* Preview Content */ = {
			isa = PBXGroup;
			children = (
				AF5ACAE52B46D07D0010C316 /* Preview Assets.xcassets */,
			);
			path = "Preview Content";
			sourceTree = "<group>";
		};
		AF5ACAEE2B46D07E0010C316 /* Rupl Watch AppTests */ = {
			isa = PBXGroup;
			children = (
				AF5ACAEF2B46D07E0010C316 /* rupl_Watch_AppTests.swift */,
			);
			path = "Rupl Watch AppTests";
			sourceTree = "<group>";
		};
		AF5ACAF82B46D07E0010C316 /* Rupl Watch AppUITests */ = {
			isa = PBXGroup;
			children = (
				AF5ACAF92B46D07E0010C316 /* rupl_Watch_AppUITests.swift */,
				AF5ACAFB2B46D07E0010C316 /* rupl_Watch_AppUITestsLaunchTests.swift */,
			);
			path = "Rupl Watch AppUITests";
			sourceTree = "<group>";
		};
		AF5ACB162B4710580010C316 /* Shared */ = {
			isa = PBXGroup;
			children = (
				AF3F354E2B66AC3B007399F9 /* Views */,
				AF3F354F2B66AC4D007399F9 /* Models */,
			);
			path = Shared;
			sourceTree = "<group>";
		};
		AF7B30342B5ABBC9002FEDC9 /* Sounds */ = {
			isa = PBXGroup;
			children = (
				AF7B30362B5ABC10002FEDC9 /* WorkoutStartSound.aif */,
				AF1C0C5A2B5EE5C800E1F9E4 /* WorkoutAlarmSound.aif */,
				AFD0B1972B5C74B90027001F /* WorkoutSegmentSound.aif */,
				AF2DBAB92B601F5B00E50B47 /* WorkoutRunFasterSound.aif */,
				AF2DBAB82B601F5B00E50B47 /* WorkoutRunSlowerSound.aif */,
				AF7B30352B5ABC10002FEDC9 /* WorkoutStopSound.aif */,
			);
			path = Sounds;
			sourceTree = "<group>";
		};
/* End PBXGroup section */

/* Begin PBXNativeTarget section */
		AF5ACAB22B46D0700010C316 /* rupl */ = {
			isa = PBXNativeTarget;
			buildConfigurationList = AF5ACB032B46D07E0010C316 /* Build configuration list for PBXNativeTarget "rupl" */;
			buildPhases = (
				AF5ACAAF2B46D0700010C316 /* Sources */,
				AF5ACAB02B46D0700010C316 /* Frameworks */,
				AF5ACAB12B46D0700010C316 /* Resources */,
				AF5ACB022B46D07E0010C316 /* Embed Watch Content */,
			);
			buildRules = (
			);
			dependencies = (
				AF5ACADC2B46D07A0010C316 /* PBXTargetDependency */,
			);
			name = rupl;
			productName = rupl;
			productReference = AF5ACAB32B46D0710010C316 /* rupl.app */;
			productType = "com.apple.product-type.application";
		};
		AF5ACAC22B46D07A0010C316 /* ruplTests */ = {
			isa = PBXNativeTarget;
			buildConfigurationList = AF5ACB062B46D07E0010C316 /* Build configuration list for PBXNativeTarget "ruplTests" */;
			buildPhases = (
				AF5ACABF2B46D07A0010C316 /* Sources */,
				AF5ACAC02B46D07A0010C316 /* Frameworks */,
				AF5ACAC12B46D07A0010C316 /* Resources */,
			);
			buildRules = (
			);
			dependencies = (
				AF5ACAC52B46D07A0010C316 /* PBXTargetDependency */,
			);
			name = ruplTests;
			productName = ruplTests;
			productReference = AF5ACAC32B46D07A0010C316 /* ruplTests.xctest */;
			productType = "com.apple.product-type.bundle.unit-test";
		};
		AF5ACACC2B46D07A0010C316 /* ruplUITests */ = {
			isa = PBXNativeTarget;
			buildConfigurationList = AF5ACB092B46D07E0010C316 /* Build configuration list for PBXNativeTarget "ruplUITests" */;
			buildPhases = (
				AF5ACAC92B46D07A0010C316 /* Sources */,
				AF5ACACA2B46D07A0010C316 /* Frameworks */,
				AF5ACACB2B46D07A0010C316 /* Resources */,
			);
			buildRules = (
			);
			dependencies = (
				AF5ACACF2B46D07A0010C316 /* PBXTargetDependency */,
			);
			name = ruplUITests;
			productName = ruplUITests;
			productReference = AF5ACACD2B46D07A0010C316 /* ruplUITests.xctest */;
			productType = "com.apple.product-type.bundle.ui-testing";
		};
		AF5ACAD82B46D07A0010C316 /* rupl Watch App */ = {
			isa = PBXNativeTarget;
			buildConfigurationList = AF5ACAFF2B46D07E0010C316 /* Build configuration list for PBXNativeTarget "rupl Watch App" */;
			buildPhases = (
				AF5ACAD52B46D07A0010C316 /* Sources */,
				AF5ACAD62B46D07A0010C316 /* Frameworks */,
				AF5ACAD72B46D07A0010C316 /* Resources */,
			);
			buildRules = (
			);
			dependencies = (
			);
			name = "rupl Watch App";
			productName = "rupl Watch App";
			productReference = AF5ACAD92B46D07A0010C316 /* rupl Watch App.app */;
			productType = "com.apple.product-type.application";
		};
		AF5ACAEA2B46D07E0010C316 /* rupl Watch AppTests */ = {
			isa = PBXNativeTarget;
			buildConfigurationList = AF5ACB0C2B46D07E0010C316 /* Build configuration list for PBXNativeTarget "rupl Watch AppTests" */;
			buildPhases = (
				AF5ACAE72B46D07E0010C316 /* Sources */,
				AF5ACAE82B46D07E0010C316 /* Frameworks */,
				AF5ACAE92B46D07E0010C316 /* Resources */,
			);
			buildRules = (
			);
			dependencies = (
				AF5ACAED2B46D07E0010C316 /* PBXTargetDependency */,
			);
			name = "rupl Watch AppTests";
			productName = "rupl Watch AppTests";
			productReference = AF5ACAEB2B46D07E0010C316 /* rupl Watch AppTests.xctest */;
			productType = "com.apple.product-type.bundle.unit-test";
		};
		AF5ACAF42B46D07E0010C316 /* rupl Watch AppUITests */ = {
			isa = PBXNativeTarget;
			buildConfigurationList = AF5ACB0F2B46D07E0010C316 /* Build configuration list for PBXNativeTarget "rupl Watch AppUITests" */;
			buildPhases = (
				AF5ACAF12B46D07E0010C316 /* Sources */,
				AF5ACAF22B46D07E0010C316 /* Frameworks */,
				AF5ACAF32B46D07E0010C316 /* Resources */,
			);
			buildRules = (
			);
			dependencies = (
				AF5ACAF72B46D07E0010C316 /* PBXTargetDependency */,
			);
			name = "rupl Watch AppUITests";
			productName = "rupl Watch AppUITests";
			productReference = AF5ACAF52B46D07E0010C316 /* rupl Watch AppUITests.xctest */;
			productType = "com.apple.product-type.bundle.ui-testing";
		};
/* End PBXNativeTarget section */

/* Begin PBXProject section */
		AF5ACAAB2B46D0700010C316 /* Project object */ = {
			isa = PBXProject;
			attributes = {
				BuildIndependentTargetsInParallel = 1;
				LastSwiftUpdateCheck = 1510;
				LastUpgradeCheck = 1520;
				ORGANIZATIONNAME = dredfort.42;
				TargetAttributes = {
					AF5ACAB22B46D0700010C316 = {
						CreatedOnToolsVersion = 15.1;
					};
					AF5ACAC22B46D07A0010C316 = {
						CreatedOnToolsVersion = 15.1;
						TestTargetID = AF5ACAB22B46D0700010C316;
					};
					AF5ACACC2B46D07A0010C316 = {
						CreatedOnToolsVersion = 15.1;
						TestTargetID = AF5ACAB22B46D0700010C316;
					};
					AF5ACAD82B46D07A0010C316 = {
						CreatedOnToolsVersion = 15.1;
					};
					AF5ACAEA2B46D07E0010C316 = {
						CreatedOnToolsVersion = 15.1;
						TestTargetID = AF5ACAD82B46D07A0010C316;
					};
					AF5ACAF42B46D07E0010C316 = {
						CreatedOnToolsVersion = 15.1;
						TestTargetID = AF5ACAD82B46D07A0010C316;
					};
				};
			};
			buildConfigurationList = AF5ACAAE2B46D0700010C316 /* Build configuration list for PBXProject "rupl" */;
			compatibilityVersion = "Xcode 15.0";
			developmentRegion = en;
			hasScannedForEncodings = 0;
			knownRegions = (
				en,
				Base,
			);
			mainGroup = AF5ACAAA2B46D0700010C316;
			productRefGroup = AF5ACAB42B46D0710010C316 /* Products */;
			projectDirPath = "";
			projectRoot = "";
			targets = (
				AF5ACAB22B46D0700010C316 /* rupl */,
				AF5ACAC22B46D07A0010C316 /* ruplTests */,
				AF5ACACC2B46D07A0010C316 /* ruplUITests */,
				AF5ACAD82B46D07A0010C316 /* rupl Watch App */,
				AF5ACAEA2B46D07E0010C316 /* rupl Watch AppTests */,
				AF5ACAF42B46D07E0010C316 /* rupl Watch AppUITests */,
			);
		};
/* End PBXProject section */

/* Begin PBXResourcesBuildPhase section */
		AF5ACAB12B46D0700010C316 /* Resources */ = {
			isa = PBXResourcesBuildPhase;
			buildActionMask = 2147483647;
			files = (
				AF1C0C5B2B5EE5C800E1F9E4 /* WorkoutAlarmSound.aif in Resources */,
				AF7B30372B5ABC10002FEDC9 /* WorkoutStopSound.aif in Resources */,
				AF7B30392B5ABC10002FEDC9 /* WorkoutStartSound.aif in Resources */,
				AF5ACABE2B46D07A0010C316 /* Preview Assets.xcassets in Resources */,
				AF2DBABA2B601F5B00E50B47 /* WorkoutRunSlowerSound.aif in Resources */,
				AF2DBABC2B601F5B00E50B47 /* WorkoutRunFasterSound.aif in Resources */,
				AFD0B1982B5C74B90027001F /* WorkoutSegmentSound.aif in Resources */,
				AF5ACABB2B46D07A0010C316 /* Assets.xcassets in Resources */,
			);
			runOnlyForDeploymentPostprocessing = 0;
		};
		AF5ACAC12B46D07A0010C316 /* Resources */ = {
			isa = PBXResourcesBuildPhase;
			buildActionMask = 2147483647;
			files = (
			);
			runOnlyForDeploymentPostprocessing = 0;
		};
		AF5ACACB2B46D07A0010C316 /* Resources */ = {
			isa = PBXResourcesBuildPhase;
			buildActionMask = 2147483647;
			files = (
			);
			runOnlyForDeploymentPostprocessing = 0;
		};
		AF5ACAD72B46D07A0010C316 /* Resources */ = {
			isa = PBXResourcesBuildPhase;
			buildActionMask = 2147483647;
			files = (
				AF1C0C5C2B5EE5C800E1F9E4 /* WorkoutAlarmSound.aif in Resources */,
				AF7B30382B5ABC10002FEDC9 /* WorkoutStopSound.aif in Resources */,
				AF7B303A2B5ABC10002FEDC9 /* WorkoutStartSound.aif in Resources */,
				AF5ACAE62B46D07D0010C316 /* Preview Assets.xcassets in Resources */,
				AF2DBABB2B601F5B00E50B47 /* WorkoutRunSlowerSound.aif in Resources */,
				AF2DBABD2B601F5B00E50B47 /* WorkoutRunFasterSound.aif in Resources */,
				AFD0B1992B5C74B90027001F /* WorkoutSegmentSound.aif in Resources */,
				AF5ACAE32B46D07D0010C316 /* Assets.xcassets in Resources */,
			);
			runOnlyForDeploymentPostprocessing = 0;
		};
		AF5ACAE92B46D07E0010C316 /* Resources */ = {
			isa = PBXResourcesBuildPhase;
			buildActionMask = 2147483647;
			files = (
			);
			runOnlyForDeploymentPostprocessing = 0;
		};
		AF5ACAF32B46D07E0010C316 /* Resources */ = {
			isa = PBXResourcesBuildPhase;
			buildActionMask = 2147483647;
			files = (
			);
			runOnlyForDeploymentPostprocessing = 0;
		};
/* End PBXResourcesBuildPhase section */

/* Begin PBXSourcesBuildPhase section */
		AF5ACAAF2B46D0700010C316 /* Sources */ = {
			isa = PBXSourcesBuildPhase;
			buildActionMask = 2147483647;
			files = (
				AFEEDE462B5EB78000B2C27A /* MirroringWorkoutView.swift in Sources */,
				AF8312952B79415300F1C790 /* TimerManager.swift in Sources */,
				AFEEDE482B5EB8DE00B2C27A /* WorkoutListView.swift in Sources */,
				AFA6755B2B48494C00AD5A69 /* ElapsedTimeView.swift in Sources */,
				AF53FF052B5AE4D5005DE76D /* SoundEffects.swift in Sources */,
				AFA196072B5FAF62002EB704 /* CheckMetrics.swift in Sources */,
				AF720D432B504326008423D6 /* LocationManager.swift in Sources */,
				AF0A94C52BB770CD00AE6ACC /* OAuth2.swift in Sources */,
				AF5ACB1E2B4713FE0010C316 /* Logger.swift in Sources */,
				AFA1960A2B5FBD95002EB704 /* Converters.swift in Sources */,
				AF56CDEE2B644C47009E8CB8 /* MotionManager.swift in Sources */,
				AF1BCFC32BB4D3DE001EC2B9 /* Profile.swift in Sources */,
				AF40FDC02B6E66BD00C8CFA8 /* LoadingIndicatorView.swift in Sources */,
				AF0FA3D72B7B8B67005572CF /* TaskManager.swift in Sources */,
				AF43BF3C2B4C9EE800E5A89C /* AppSettings.swift in Sources */,
				AFDF39712BE6BBE100F55D9C /* WorkoutData.swift in Sources */,
				AFEEDE4A2B5EBACA00B2C27A /* ChartView.swift in Sources */,
				AF1DB3102BB5F61A0089B159 /* DeviceInfo.swift in Sources */,
				AF608E5F2BD3E6F400E455D5 /* SlideButtonView.swift in Sources */,
				AF5ACB212B472FAA0010C316 /* WorkoutManager+iOS.swift in Sources */,
				AFA675582B4848B700AD5A69 /* MetricsTimelineSchedule.swift in Sources */,
				AF5ACAB72B46D0710010C316 /* ruplApp.swift in Sources */,
				AF5ACB182B47107F0010C316 /* WorkoutManager.swift in Sources */,
				AFEEDE442B5EB69700B2C27A /* StartView.swift in Sources */,
				AFEEDE4C2B5EBAF800B2C27A /* SummaryView.swift in Sources */,
			);
			runOnlyForDeploymentPostprocessing = 0;
		};
		AF5ACABF2B46D07A0010C316 /* Sources */ = {
			isa = PBXSourcesBuildPhase;
			buildActionMask = 2147483647;
			files = (
				AF5ACAC82B46D07A0010C316 /* ruplTests.swift in Sources */,
			);
			runOnlyForDeploymentPostprocessing = 0;
		};
		AF5ACAC92B46D07A0010C316 /* Sources */ = {
			isa = PBXSourcesBuildPhase;
			buildActionMask = 2147483647;
			files = (
				AF5ACAD22B46D07A0010C316 /* ruplUITests.swift in Sources */,
				AF5ACAD42B46D07A0010C316 /* ruplUITestsLaunchTests.swift in Sources */,
			);
			runOnlyForDeploymentPostprocessing = 0;
		};
		AF5ACAD52B46D07A0010C316 /* Sources */ = {
			isa = PBXSourcesBuildPhase;
			buildActionMask = 2147483647;
			files = (
				AF5ACB232B4732ED0010C316 /* ControlsView.swift in Sources */,
				AF5ACAE12B46D07A0010C316 /* ContentView.swift in Sources */,
				AFA1960B2B5FBD95002EB704 /* Converters.swift in Sources */,
				AF720D442B504326008423D6 /* LocationManager.swift in Sources */,
				AFA675592B4848B700AD5A69 /* MetricsTimelineSchedule.swift in Sources */,
				AF43BF3D2B4C9EE900E5A89C /* AppSettings.swift in Sources */,
				AF41FA872B6825B5004FC0AB /* OAuth2.swift in Sources */,
				AF1DB3112BB5F61A0089B159 /* DeviceInfo.swift in Sources */,
				AF5ACB1F2B4713FE0010C316 /* Logger.swift in Sources */,
				AF56CDEF2B644C47009E8CB8 /* MotionManager.swift in Sources */,
				AFA6755C2B48494C00AD5A69 /* ElapsedTimeView.swift in Sources */,
				AFA0ECEA2B6D5E5B009AC138 /* OAuthInstructionView.swift in Sources */,
				AF5ACB1C2B4712550010C316 /* WorkoutManager+watchOS.swift in Sources */,
				AFA196082B5FAF62002EB704 /* CheckMetrics.swift in Sources */,
				AFDF39722BE6BBE100F55D9C /* WorkoutData.swift in Sources */,
				AF5ACB192B47107F0010C316 /* WorkoutManager.swift in Sources */,
				AF0FA3D82B7B8B67005572CF /* TaskManager.swift in Sources */,
				AF7F28682B861051005C0B6B /* TaskView.swift in Sources */,
				AF1BCFC42BB4D3DE001EC2B9 /* Profile.swift in Sources */,
				AF8312962B79415400F1C790 /* TimerManager.swift in Sources */,
				AF5ACADF2B46D07A0010C316 /* ruplApp.swift in Sources */,
				AF5ACB252B4733270010C316 /* MetricsView.swift in Sources */,
				AF608E602BD3E6F400E455D5 /* SlideButtonView.swift in Sources */,
				AF06CC452B69132200943CEB /* LoadingIndicatorView.swift in Sources */,
				AF53FF062B5AE4D5005DE76D /* SoundEffects.swift in Sources */,
				AF5ACB272B4733510010C316 /* SummaryView.swift in Sources */,
				AF1DB30E2BB5F5B80089B159 /* DeviceInfo+watchOS.swift in Sources */,
				AF7F52932B5D265700856DEA /* SegmentView.swift in Sources */,
				AF3F35512B66ACD8007399F9 /* SettingsView.swift in Sources */,
			);
			runOnlyForDeploymentPostprocessing = 0;
		};
		AF5ACAE72B46D07E0010C316 /* Sources */ = {
			isa = PBXSourcesBuildPhase;
			buildActionMask = 2147483647;
			files = (
				AF5ACAF02B46D07E0010C316 /* rupl_Watch_AppTests.swift in Sources */,
			);
			runOnlyForDeploymentPostprocessing = 0;
		};
		AF5ACAF12B46D07E0010C316 /* Sources */ = {
			isa = PBXSourcesBuildPhase;
			buildActionMask = 2147483647;
			files = (
				AF5ACAFA2B46D07E0010C316 /* rupl_Watch_AppUITests.swift in Sources */,
				AF5ACAFC2B46D07E0010C316 /* rupl_Watch_AppUITestsLaunchTests.swift in Sources */,
			);
			runOnlyForDeploymentPostprocessing = 0;
		};
/* End PBXSourcesBuildPhase section */

/* Begin PBXTargetDependency section */
		AF5ACAC52B46D07A0010C316 /* PBXTargetDependency */ = {
			isa = PBXTargetDependency;
			target = AF5ACAB22B46D0700010C316 /* rupl */;
			targetProxy = AF5ACAC42B46D07A0010C316 /* PBXContainerItemProxy */;
		};
		AF5ACACF2B46D07A0010C316 /* PBXTargetDependency */ = {
			isa = PBXTargetDependency;
			target = AF5ACAB22B46D0700010C316 /* rupl */;
			targetProxy = AF5ACACE2B46D07A0010C316 /* PBXContainerItemProxy */;
		};
		AF5ACADC2B46D07A0010C316 /* PBXTargetDependency */ = {
			isa = PBXTargetDependency;
			target = AF5ACAD82B46D07A0010C316 /* rupl Watch App */;
			targetProxy = AF5ACADB2B46D07A0010C316 /* PBXContainerItemProxy */;
		};
		AF5ACAED2B46D07E0010C316 /* PBXTargetDependency */ = {
			isa = PBXTargetDependency;
			target = AF5ACAD82B46D07A0010C316 /* rupl Watch App */;
			targetProxy = AF5ACAEC2B46D07E0010C316 /* PBXContainerItemProxy */;
		};
		AF5ACAF72B46D07E0010C316 /* PBXTargetDependency */ = {
			isa = PBXTargetDependency;
			target = AF5ACAD82B46D07A0010C316 /* rupl Watch App */;
			targetProxy = AF5ACAF62B46D07E0010C316 /* PBXContainerItemProxy */;
		};
/* End PBXTargetDependency section */

/* Begin XCBuildConfiguration section */
		AF5ACAFD2B46D07E0010C316 /* Debug */ = {
			isa = XCBuildConfiguration;
			buildSettings = {
				ALWAYS_SEARCH_USER_PATHS = NO;
				ASSETCATALOG_COMPILER_GENERATE_SWIFT_ASSET_SYMBOL_EXTENSIONS = YES;
				CLANG_ANALYZER_NONNULL = YES;
				CLANG_ANALYZER_NUMBER_OBJECT_CONVERSION = YES_AGGRESSIVE;
				CLANG_CXX_LANGUAGE_STANDARD = "gnu++20";
				CLANG_ENABLE_MODULES = YES;
				CLANG_ENABLE_OBJC_ARC = YES;
				CLANG_ENABLE_OBJC_WEAK = YES;
				CLANG_WARN_BLOCK_CAPTURE_AUTORELEASING = YES;
				CLANG_WARN_BOOL_CONVERSION = YES;
				CLANG_WARN_COMMA = YES;
				CLANG_WARN_CONSTANT_CONVERSION = YES;
				CLANG_WARN_DEPRECATED_OBJC_IMPLEMENTATIONS = YES;
				CLANG_WARN_DIRECT_OBJC_ISA_USAGE = YES_ERROR;
				CLANG_WARN_DOCUMENTATION_COMMENTS = YES;
				CLANG_WARN_EMPTY_BODY = YES;
				CLANG_WARN_ENUM_CONVERSION = YES;
				CLANG_WARN_INFINITE_RECURSION = YES;
				CLANG_WARN_INT_CONVERSION = YES;
				CLANG_WARN_NON_LITERAL_NULL_CONVERSION = YES;
				CLANG_WARN_OBJC_IMPLICIT_RETAIN_SELF = YES;
				CLANG_WARN_OBJC_LITERAL_CONVERSION = YES;
				CLANG_WARN_OBJC_ROOT_CLASS = YES_ERROR;
				CLANG_WARN_QUOTED_INCLUDE_IN_FRAMEWORK_HEADER = YES;
				CLANG_WARN_RANGE_LOOP_ANALYSIS = YES;
				CLANG_WARN_STRICT_PROTOTYPES = YES;
				CLANG_WARN_SUSPICIOUS_MOVE = YES;
				CLANG_WARN_UNGUARDED_AVAILABILITY = YES_AGGRESSIVE;
				CLANG_WARN_UNREACHABLE_CODE = YES;
				CLANG_WARN__DUPLICATE_METHOD_MATCH = YES;
				COPY_PHASE_STRIP = NO;
				DEAD_CODE_STRIPPING = YES;
				DEBUG_INFORMATION_FORMAT = dwarf;
				ENABLE_STRICT_OBJC_MSGSEND = YES;
				ENABLE_TESTABILITY = YES;
				ENABLE_USER_SCRIPT_SANDBOXING = YES;
				GCC_C_LANGUAGE_STANDARD = gnu17;
				GCC_DYNAMIC_NO_PIC = NO;
				GCC_NO_COMMON_BLOCKS = YES;
				GCC_OPTIMIZATION_LEVEL = 0;
				GCC_PREPROCESSOR_DEFINITIONS = (
					"DEBUG=1",
					"$(inherited)",
				);
				GCC_WARN_64_TO_32_BIT_CONVERSION = YES;
				GCC_WARN_ABOUT_RETURN_TYPE = YES_ERROR;
				GCC_WARN_UNDECLARED_SELECTOR = YES;
				GCC_WARN_UNINITIALIZED_AUTOS = YES_AGGRESSIVE;
				GCC_WARN_UNUSED_FUNCTION = YES;
				GCC_WARN_UNUSED_VARIABLE = YES;
				IPHONEOS_DEPLOYMENT_TARGET = 17.0;
				LOCALIZATION_PREFERS_STRING_CATALOGS = YES;
				MACOSX_DEPLOYMENT_TARGET = 13.0;
				MTL_ENABLE_DEBUG_INFO = INCLUDE_SOURCE;
				MTL_FAST_MATH = YES;
				ONLY_ACTIVE_ARCH = YES;
				SWIFT_ACTIVE_COMPILATION_CONDITIONS = "DEBUG $(inherited)";
				SWIFT_OPTIMIZATION_LEVEL = "-Onone";
				WATCHOS_DEPLOYMENT_TARGET = 10.0;
			};
			name = Debug;
		};
		AF5ACAFE2B46D07E0010C316 /* Release */ = {
			isa = XCBuildConfiguration;
			buildSettings = {
				ALWAYS_SEARCH_USER_PATHS = NO;
				ASSETCATALOG_COMPILER_GENERATE_SWIFT_ASSET_SYMBOL_EXTENSIONS = YES;
				CLANG_ANALYZER_NONNULL = YES;
				CLANG_ANALYZER_NUMBER_OBJECT_CONVERSION = YES_AGGRESSIVE;
				CLANG_CXX_LANGUAGE_STANDARD = "gnu++20";
				CLANG_ENABLE_MODULES = YES;
				CLANG_ENABLE_OBJC_ARC = YES;
				CLANG_ENABLE_OBJC_WEAK = YES;
				CLANG_WARN_BLOCK_CAPTURE_AUTORELEASING = YES;
				CLANG_WARN_BOOL_CONVERSION = YES;
				CLANG_WARN_COMMA = YES;
				CLANG_WARN_CONSTANT_CONVERSION = YES;
				CLANG_WARN_DEPRECATED_OBJC_IMPLEMENTATIONS = YES;
				CLANG_WARN_DIRECT_OBJC_ISA_USAGE = YES_ERROR;
				CLANG_WARN_DOCUMENTATION_COMMENTS = YES;
				CLANG_WARN_EMPTY_BODY = YES;
				CLANG_WARN_ENUM_CONVERSION = YES;
				CLANG_WARN_INFINITE_RECURSION = YES;
				CLANG_WARN_INT_CONVERSION = YES;
				CLANG_WARN_NON_LITERAL_NULL_CONVERSION = YES;
				CLANG_WARN_OBJC_IMPLICIT_RETAIN_SELF = YES;
				CLANG_WARN_OBJC_LITERAL_CONVERSION = YES;
				CLANG_WARN_OBJC_ROOT_CLASS = YES_ERROR;
				CLANG_WARN_QUOTED_INCLUDE_IN_FRAMEWORK_HEADER = YES;
				CLANG_WARN_RANGE_LOOP_ANALYSIS = YES;
				CLANG_WARN_STRICT_PROTOTYPES = YES;
				CLANG_WARN_SUSPICIOUS_MOVE = YES;
				CLANG_WARN_UNGUARDED_AVAILABILITY = YES_AGGRESSIVE;
				CLANG_WARN_UNREACHABLE_CODE = YES;
				CLANG_WARN__DUPLICATE_METHOD_MATCH = YES;
				COPY_PHASE_STRIP = NO;
				DEAD_CODE_STRIPPING = YES;
				DEBUG_INFORMATION_FORMAT = "dwarf-with-dsym";
				ENABLE_NS_ASSERTIONS = NO;
				ENABLE_STRICT_OBJC_MSGSEND = YES;
				ENABLE_USER_SCRIPT_SANDBOXING = YES;
				GCC_C_LANGUAGE_STANDARD = gnu17;
				GCC_NO_COMMON_BLOCKS = YES;
				GCC_WARN_64_TO_32_BIT_CONVERSION = YES;
				GCC_WARN_ABOUT_RETURN_TYPE = YES_ERROR;
				GCC_WARN_UNDECLARED_SELECTOR = YES;
				GCC_WARN_UNINITIALIZED_AUTOS = YES_AGGRESSIVE;
				GCC_WARN_UNUSED_FUNCTION = YES;
				GCC_WARN_UNUSED_VARIABLE = YES;
				IPHONEOS_DEPLOYMENT_TARGET = 17.0;
				LOCALIZATION_PREFERS_STRING_CATALOGS = YES;
				MACOSX_DEPLOYMENT_TARGET = 13.0;
				MTL_ENABLE_DEBUG_INFO = NO;
				MTL_FAST_MATH = YES;
				SWIFT_COMPILATION_MODE = wholemodule;
				WATCHOS_DEPLOYMENT_TARGET = 10.0;
			};
			name = Release;
		};
		AF5ACB002B46D07E0010C316 /* Debug */ = {
			isa = XCBuildConfiguration;
			buildSettings = {
				ASSETCATALOG_COMPILER_APPICON_NAME = AppIcon;
				ASSETCATALOG_COMPILER_GLOBAL_ACCENT_COLOR_NAME = RuplBlueColor;
				CODE_SIGN_ENTITLEMENTS = "rupl Watch App/rupl Watch App.entitlements";
				CODE_SIGN_STYLE = Automatic;
				CURRENT_PROJECT_VERSION = 15;
				DEVELOPMENT_ASSET_PATHS = "Rupl\\ Watch\\ App/Preview\\ Content";
				DEVELOPMENT_TEAM = JQ2STKM674;
				ENABLE_PREVIEWS = YES;
				GENERATE_INFOPLIST_FILE = YES;
				INFOPLIST_FILE = "rupl-Watch-App-Info.plist";
				INFOPLIST_KEY_CFBundleDisplayName = rupl;
				INFOPLIST_KEY_NSHealthShareUsageDescription = "Your workout related data will be used to display your saved workouts in rupl app and rupl.org.";
				INFOPLIST_KEY_NSHealthUpdateUsageDescription = "Workouts tracked by rupl app will be saved to HealthKit";
				INFOPLIST_KEY_NSLocationWhenInUseUsageDescription = "We need your location to create workout route";
				INFOPLIST_KEY_NSMotionUsageDescription = "We need your motion data to pause and resume your workout";
				INFOPLIST_KEY_UISupportedInterfaceOrientations = "UIInterfaceOrientationPortrait UIInterfaceOrientationPortraitUpsideDown";
				INFOPLIST_KEY_WKCompanionAppBundleIdentifier = org.rupl.app;
				INFOPLIST_KEY_WKRunsIndependentlyOfCompanionApp = YES;
				LD_RUNPATH_SEARCH_PATHS = (
					"$(inherited)",
					"@executable_path/Frameworks",
				);
				MARKETING_VERSION = 1.0;
				PRODUCT_BUNDLE_IDENTIFIER = org.rupl.app.watchkitapp;
				PRODUCT_NAME = "$(TARGET_NAME)";
				SDKROOT = watchos;
				SKIP_INSTALL = YES;
				SWIFT_EMIT_LOC_STRINGS = YES;
				SWIFT_VERSION = 5.0;
				TARGETED_DEVICE_FAMILY = 4;
				WATCHOS_DEPLOYMENT_TARGET = 10.0;
			};
			name = Debug;
		};
		AF5ACB012B46D07E0010C316 /* Release */ = {
			isa = XCBuildConfiguration;
			buildSettings = {
				ASSETCATALOG_COMPILER_APPICON_NAME = AppIcon;
				ASSETCATALOG_COMPILER_GLOBAL_ACCENT_COLOR_NAME = RuplBlueColor;
				CODE_SIGN_ENTITLEMENTS = "rupl Watch App/rupl Watch App.entitlements";
				CODE_SIGN_IDENTITY = "Apple Development";
				CODE_SIGN_STYLE = Automatic;
				CURRENT_PROJECT_VERSION = 15;
				DEVELOPMENT_ASSET_PATHS = "Rupl\\ Watch\\ App/Preview\\ Content";
				DEVELOPMENT_TEAM = JQ2STKM674;
				ENABLE_PREVIEWS = YES;
				GENERATE_INFOPLIST_FILE = YES;
				INFOPLIST_FILE = "rupl-Watch-App-Info.plist";
				INFOPLIST_KEY_CFBundleDisplayName = rupl;
				INFOPLIST_KEY_NSHealthShareUsageDescription = "Your workout related data will be used to display your saved workouts in rupl app and rupl.org.";
				INFOPLIST_KEY_NSHealthUpdateUsageDescription = "Workouts tracked by rupl app will be saved to HealthKit";
				INFOPLIST_KEY_NSLocationWhenInUseUsageDescription = "We need your location to create workout route";
				INFOPLIST_KEY_NSMotionUsageDescription = "We need your motion data to pause and resume your workout";
				INFOPLIST_KEY_UISupportedInterfaceOrientations = "UIInterfaceOrientationPortrait UIInterfaceOrientationPortraitUpsideDown";
				INFOPLIST_KEY_WKCompanionAppBundleIdentifier = org.rupl.app;
				INFOPLIST_KEY_WKRunsIndependentlyOfCompanionApp = YES;
				LD_RUNPATH_SEARCH_PATHS = (
					"$(inherited)",
					"@executable_path/Frameworks",
				);
				MARKETING_VERSION = 1.0;
				PRODUCT_BUNDLE_IDENTIFIER = org.rupl.app.watchkitapp;
				PRODUCT_NAME = "$(TARGET_NAME)";
				PROVISIONING_PROFILE_SPECIFIER = "";
				SDKROOT = watchos;
				SKIP_INSTALL = YES;
				SWIFT_EMIT_LOC_STRINGS = YES;
				SWIFT_VERSION = 5.0;
				TARGETED_DEVICE_FAMILY = 4;
				VALIDATE_PRODUCT = YES;
				WATCHOS_DEPLOYMENT_TARGET = 10.0;
			};
			name = Release;
		};
		AF5ACB042B46D07E0010C316 /* Debug */ = {
			isa = XCBuildConfiguration;
			buildSettings = {
				ALWAYS_EMBED_SWIFT_STANDARD_LIBRARIES = YES;
				ASSETCATALOG_COMPILER_APPICON_NAME = AppIcon;
				ASSETCATALOG_COMPILER_GLOBAL_ACCENT_COLOR_NAME = RuplBlueColor;
				CODE_SIGN_ENTITLEMENTS = rupl/rupl.entitlements;
				CODE_SIGN_STYLE = Automatic;
				CURRENT_PROJECT_VERSION = 15;
				DEVELOPMENT_ASSET_PATHS = "Rupl/Preview\\ Content";
				DEVELOPMENT_TEAM = JQ2STKM674;
				ENABLE_PREVIEWS = YES;
				GENERATE_INFOPLIST_FILE = YES;
				INFOPLIST_FILE = rupl/Info.plist;
				INFOPLIST_KEY_CFBundleDisplayName = rupl;
				INFOPLIST_KEY_LSApplicationCategoryType = "public.app-category.healthcare-fitness";
				INFOPLIST_KEY_NSHealthShareUsageDescription = "Your workout related data will be used to display your saved workouts in rupl app and rupl.org.";
				INFOPLIST_KEY_NSHealthUpdateUsageDescription = "Workouts tracked by rupl app will be saved to HealthKit";
				INFOPLIST_KEY_NSLocationWhenInUseUsageDescription = "We need your location for continuous updates workout route";
				INFOPLIST_KEY_NSMotionUsageDescription = "We need your motion data to pause and resume your workout";
				INFOPLIST_KEY_UIApplicationSceneManifest_Generation = YES;
				INFOPLIST_KEY_UIApplicationSupportsIndirectInputEvents = YES;
				INFOPLIST_KEY_UILaunchScreen_Generation = YES;
				INFOPLIST_KEY_UISupportedInterfaceOrientations = UIInterfaceOrientationPortrait;
				INFOPLIST_KEY_UISupportedInterfaceOrientations_iPad = "UIInterfaceOrientationLandscapeLeft UIInterfaceOrientationLandscapeRight";
				IPHONEOS_DEPLOYMENT_TARGET = 17.0;
				LD_RUNPATH_SEARCH_PATHS = (
					"$(inherited)",
					"@executable_path/Frameworks",
				);
				MACOSX_DEPLOYMENT_TARGET = 13.0;
				MARKETING_VERSION = 1.0;
				PRODUCT_BUNDLE_IDENTIFIER = org.rupl.app;
				PRODUCT_NAME = "$(TARGET_NAME)";
				SDKROOT = iphoneos;
				SUPPORTED_PLATFORMS = "iphoneos iphonesimulator";
				SUPPORTS_MACCATALYST = NO;
				SUPPORTS_MAC_DESIGNED_FOR_IPHONE_IPAD = NO;
				SUPPORTS_XR_DESIGNED_FOR_IPHONE_IPAD = NO;
				SWIFT_EMIT_LOC_STRINGS = YES;
				SWIFT_VERSION = 5.0;
				TARGETED_DEVICE_FAMILY = 1;
			};
			name = Debug;
		};
		AF5ACB052B46D07E0010C316 /* Release */ = {
			isa = XCBuildConfiguration;
			buildSettings = {
				ALWAYS_EMBED_SWIFT_STANDARD_LIBRARIES = YES;
				ASSETCATALOG_COMPILER_APPICON_NAME = AppIcon;
				ASSETCATALOG_COMPILER_GLOBAL_ACCENT_COLOR_NAME = RuplBlueColor;
				CODE_SIGN_ENTITLEMENTS = rupl/rupl.entitlements;
				CODE_SIGN_STYLE = Automatic;
				CURRENT_PROJECT_VERSION = 15;
				DEVELOPMENT_ASSET_PATHS = "Rupl/Preview\\ Content";
				DEVELOPMENT_TEAM = JQ2STKM674;
				ENABLE_PREVIEWS = YES;
				GENERATE_INFOPLIST_FILE = YES;
				INFOPLIST_FILE = rupl/Info.plist;
				INFOPLIST_KEY_CFBundleDisplayName = rupl;
				INFOPLIST_KEY_LSApplicationCategoryType = "public.app-category.healthcare-fitness";
				INFOPLIST_KEY_NSHealthShareUsageDescription = "Your workout related data will be used to display your saved workouts in rupl app and rupl.org.";
				INFOPLIST_KEY_NSHealthUpdateUsageDescription = "Workouts tracked by rupl app will be saved to HealthKit";
				INFOPLIST_KEY_NSLocationWhenInUseUsageDescription = "We need your location for continuous updates workout route";
				INFOPLIST_KEY_NSMotionUsageDescription = "We need your motion data to pause and resume your workout";
				INFOPLIST_KEY_UIApplicationSceneManifest_Generation = YES;
				INFOPLIST_KEY_UIApplicationSupportsIndirectInputEvents = YES;
				INFOPLIST_KEY_UILaunchScreen_Generation = YES;
				INFOPLIST_KEY_UISupportedInterfaceOrientations = UIInterfaceOrientationPortrait;
				INFOPLIST_KEY_UISupportedInterfaceOrientations_iPad = "UIInterfaceOrientationLandscapeLeft UIInterfaceOrientationLandscapeRight";
				IPHONEOS_DEPLOYMENT_TARGET = 17.0;
				LD_RUNPATH_SEARCH_PATHS = (
					"$(inherited)",
					"@executable_path/Frameworks",
				);
				MACOSX_DEPLOYMENT_TARGET = 13.0;
				MARKETING_VERSION = 1.0;
				PRODUCT_BUNDLE_IDENTIFIER = org.rupl.app;
				PRODUCT_NAME = "$(TARGET_NAME)";
				SDKROOT = iphoneos;
				SUPPORTED_PLATFORMS = "iphoneos iphonesimulator";
				SUPPORTS_MACCATALYST = NO;
				SUPPORTS_MAC_DESIGNED_FOR_IPHONE_IPAD = NO;
				SUPPORTS_XR_DESIGNED_FOR_IPHONE_IPAD = NO;
				SWIFT_EMIT_LOC_STRINGS = YES;
				SWIFT_VERSION = 5.0;
				TARGETED_DEVICE_FAMILY = 1;
				VALIDATE_PRODUCT = YES;
			};
			name = Release;
		};
		AF5ACB072B46D07E0010C316 /* Debug */ = {
			isa = XCBuildConfiguration;
			buildSettings = {
				ALWAYS_EMBED_SWIFT_STANDARD_LIBRARIES = YES;
				BUNDLE_LOADER = "$(TEST_HOST)";
				CODE_SIGN_STYLE = Automatic;
				CURRENT_PROJECT_VERSION = 1;
				DEVELOPMENT_TEAM = JQ2STKM674;
				GENERATE_INFOPLIST_FILE = YES;
				IPHONEOS_DEPLOYMENT_TARGET = 17.0;
				MACOSX_DEPLOYMENT_TARGET = 13.0;
				MARKETING_VERSION = 1.0;
				PRODUCT_BUNDLE_IDENTIFIER = dredfort.42.ruplTests;
				PRODUCT_NAME = "$(TARGET_NAME)";
				SDKROOT = iphoneos;
				SUPPORTED_PLATFORMS = "iphoneos iphonesimulator";
				SUPPORTS_MACCATALYST = NO;
				SUPPORTS_MAC_DESIGNED_FOR_IPHONE_IPAD = NO;
				SUPPORTS_XR_DESIGNED_FOR_IPHONE_IPAD = NO;
				SWIFT_EMIT_LOC_STRINGS = NO;
				SWIFT_VERSION = 5.0;
				TARGETED_DEVICE_FAMILY = 1;
				TEST_HOST = "$(BUILT_PRODUCTS_DIR)/rupl.app/$(BUNDLE_EXECUTABLE_FOLDER_PATH)/rupl";
			};
			name = Debug;
		};
		AF5ACB082B46D07E0010C316 /* Release */ = {
			isa = XCBuildConfiguration;
			buildSettings = {
				ALWAYS_EMBED_SWIFT_STANDARD_LIBRARIES = YES;
				BUNDLE_LOADER = "$(TEST_HOST)";
				CODE_SIGN_STYLE = Automatic;
				CURRENT_PROJECT_VERSION = 1;
				DEVELOPMENT_TEAM = JQ2STKM674;
				GENERATE_INFOPLIST_FILE = YES;
				IPHONEOS_DEPLOYMENT_TARGET = 17.0;
				MACOSX_DEPLOYMENT_TARGET = 13.0;
				MARKETING_VERSION = 1.0;
				PRODUCT_BUNDLE_IDENTIFIER = dredfort.42.ruplTests;
				PRODUCT_NAME = "$(TARGET_NAME)";
				SDKROOT = iphoneos;
				SUPPORTED_PLATFORMS = "iphoneos iphonesimulator";
				SUPPORTS_MACCATALYST = NO;
				SUPPORTS_MAC_DESIGNED_FOR_IPHONE_IPAD = NO;
				SUPPORTS_XR_DESIGNED_FOR_IPHONE_IPAD = NO;
				SWIFT_EMIT_LOC_STRINGS = NO;
				SWIFT_VERSION = 5.0;
				TARGETED_DEVICE_FAMILY = 1;
				TEST_HOST = "$(BUILT_PRODUCTS_DIR)/rupl.app/$(BUNDLE_EXECUTABLE_FOLDER_PATH)/rupl";
				VALIDATE_PRODUCT = YES;
			};
			name = Release;
		};
		AF5ACB0A2B46D07E0010C316 /* Debug */ = {
			isa = XCBuildConfiguration;
			buildSettings = {
				ALWAYS_EMBED_SWIFT_STANDARD_LIBRARIES = YES;
				CODE_SIGN_STYLE = Automatic;
				CURRENT_PROJECT_VERSION = 1;
				DEVELOPMENT_TEAM = JQ2STKM674;
				GENERATE_INFOPLIST_FILE = YES;
				IPHONEOS_DEPLOYMENT_TARGET = 17.0;
				MACOSX_DEPLOYMENT_TARGET = 13.0;
				MARKETING_VERSION = 1.0;
				PRODUCT_BUNDLE_IDENTIFIER = dredfort.42.ruplUITests;
				PRODUCT_NAME = "$(TARGET_NAME)";
				SDKROOT = iphoneos;
				SUPPORTED_PLATFORMS = "iphoneos iphonesimulator";
				SUPPORTS_MACCATALYST = NO;
				SUPPORTS_MAC_DESIGNED_FOR_IPHONE_IPAD = NO;
				SWIFT_EMIT_LOC_STRINGS = NO;
				SWIFT_VERSION = 5.0;
				TARGETED_DEVICE_FAMILY = 1;
				TEST_TARGET_NAME = rupl;
			};
			name = Debug;
		};
		AF5ACB0B2B46D07E0010C316 /* Release */ = {
			isa = XCBuildConfiguration;
			buildSettings = {
				ALWAYS_EMBED_SWIFT_STANDARD_LIBRARIES = YES;
				CODE_SIGN_STYLE = Automatic;
				CURRENT_PROJECT_VERSION = 1;
				DEVELOPMENT_TEAM = JQ2STKM674;
				GENERATE_INFOPLIST_FILE = YES;
				IPHONEOS_DEPLOYMENT_TARGET = 17.0;
				MACOSX_DEPLOYMENT_TARGET = 13.0;
				MARKETING_VERSION = 1.0;
				PRODUCT_BUNDLE_IDENTIFIER = dredfort.42.ruplUITests;
				PRODUCT_NAME = "$(TARGET_NAME)";
				SDKROOT = iphoneos;
				SUPPORTED_PLATFORMS = "iphoneos iphonesimulator";
				SUPPORTS_MACCATALYST = NO;
				SUPPORTS_MAC_DESIGNED_FOR_IPHONE_IPAD = NO;
				SWIFT_EMIT_LOC_STRINGS = NO;
				SWIFT_VERSION = 5.0;
				TARGETED_DEVICE_FAMILY = 1;
				TEST_TARGET_NAME = rupl;
				VALIDATE_PRODUCT = YES;
			};
			name = Release;
		};
		AF5ACB0D2B46D07E0010C316 /* Debug */ = {
			isa = XCBuildConfiguration;
			buildSettings = {
				ALWAYS_EMBED_SWIFT_STANDARD_LIBRARIES = YES;
				BUNDLE_LOADER = "$(TEST_HOST)";
				CODE_SIGN_STYLE = Automatic;
				CURRENT_PROJECT_VERSION = 1;
				DEVELOPMENT_TEAM = JQ2STKM674;
				GENERATE_INFOPLIST_FILE = YES;
				MARKETING_VERSION = 1.0;
				PRODUCT_BUNDLE_IDENTIFIER = "dredfort.42.rupl-Watch-AppTests";
				PRODUCT_NAME = "$(TARGET_NAME)";
				SDKROOT = watchos;
				SWIFT_EMIT_LOC_STRINGS = NO;
				SWIFT_VERSION = 5.0;
				TARGETED_DEVICE_FAMILY = 4;
				TEST_HOST = "$(BUILT_PRODUCTS_DIR)/rupl Watch App.app/$(BUNDLE_EXECUTABLE_FOLDER_PATH)/rupl Watch App";
				WATCHOS_DEPLOYMENT_TARGET = 10.0;
			};
			name = Debug;
		};
		AF5ACB0E2B46D07E0010C316 /* Release */ = {
			isa = XCBuildConfiguration;
			buildSettings = {
				ALWAYS_EMBED_SWIFT_STANDARD_LIBRARIES = YES;
				BUNDLE_LOADER = "$(TEST_HOST)";
				CODE_SIGN_STYLE = Automatic;
				CURRENT_PROJECT_VERSION = 1;
				DEVELOPMENT_TEAM = JQ2STKM674;
				GENERATE_INFOPLIST_FILE = YES;
				MARKETING_VERSION = 1.0;
				PRODUCT_BUNDLE_IDENTIFIER = "dredfort.42.rupl-Watch-AppTests";
				PRODUCT_NAME = "$(TARGET_NAME)";
				SDKROOT = watchos;
				SWIFT_EMIT_LOC_STRINGS = NO;
				SWIFT_VERSION = 5.0;
				TARGETED_DEVICE_FAMILY = 4;
				TEST_HOST = "$(BUILT_PRODUCTS_DIR)/rupl Watch App.app/$(BUNDLE_EXECUTABLE_FOLDER_PATH)/rupl Watch App";
				VALIDATE_PRODUCT = YES;
				WATCHOS_DEPLOYMENT_TARGET = 10.0;
			};
			name = Release;
		};
		AF5ACB102B46D07E0010C316 /* Debug */ = {
			isa = XCBuildConfiguration;
			buildSettings = {
				ALWAYS_EMBED_SWIFT_STANDARD_LIBRARIES = YES;
				CODE_SIGN_STYLE = Automatic;
				CURRENT_PROJECT_VERSION = 1;
				DEVELOPMENT_TEAM = JQ2STKM674;
				GENERATE_INFOPLIST_FILE = YES;
				MARKETING_VERSION = 1.0;
				PRODUCT_BUNDLE_IDENTIFIER = "dredfort.42.rupl-Watch-AppUITests";
				PRODUCT_NAME = "$(TARGET_NAME)";
				SDKROOT = watchos;
				SWIFT_EMIT_LOC_STRINGS = NO;
				SWIFT_VERSION = 5.0;
				TARGETED_DEVICE_FAMILY = 4;
				TEST_TARGET_NAME = "rupl Watch App";
				WATCHOS_DEPLOYMENT_TARGET = 10.0;
			};
			name = Debug;
		};
		AF5ACB112B46D07E0010C316 /* Release */ = {
			isa = XCBuildConfiguration;
			buildSettings = {
				ALWAYS_EMBED_SWIFT_STANDARD_LIBRARIES = YES;
				CODE_SIGN_STYLE = Automatic;
				CURRENT_PROJECT_VERSION = 1;
				DEVELOPMENT_TEAM = JQ2STKM674;
				GENERATE_INFOPLIST_FILE = YES;
				MARKETING_VERSION = 1.0;
				PRODUCT_BUNDLE_IDENTIFIER = "dredfort.42.rupl-Watch-AppUITests";
				PRODUCT_NAME = "$(TARGET_NAME)";
				SDKROOT = watchos;
				SWIFT_EMIT_LOC_STRINGS = NO;
				SWIFT_VERSION = 5.0;
				TARGETED_DEVICE_FAMILY = 4;
				TEST_TARGET_NAME = "rupl Watch App";
				VALIDATE_PRODUCT = YES;
				WATCHOS_DEPLOYMENT_TARGET = 10.0;
			};
			name = Release;
		};
/* End XCBuildConfiguration section */

/* Begin XCConfigurationList section */
		AF5ACAAE2B46D0700010C316 /* Build configuration list for PBXProject "rupl" */ = {
			isa = XCConfigurationList;
			buildConfigurations = (
				AF5ACAFD2B46D07E0010C316 /* Debug */,
				AF5ACAFE2B46D07E0010C316 /* Release */,
			);
			defaultConfigurationIsVisible = 0;
			defaultConfigurationName = Release;
		};
		AF5ACAFF2B46D07E0010C316 /* Build configuration list for PBXNativeTarget "rupl Watch App" */ = {
			isa = XCConfigurationList;
			buildConfigurations = (
				AF5ACB002B46D07E0010C316 /* Debug */,
				AF5ACB012B46D07E0010C316 /* Release */,
			);
			defaultConfigurationIsVisible = 0;
			defaultConfigurationName = Release;
		};
		AF5ACB032B46D07E0010C316 /* Build configuration list for PBXNativeTarget "rupl" */ = {
			isa = XCConfigurationList;
			buildConfigurations = (
				AF5ACB042B46D07E0010C316 /* Debug */,
				AF5ACB052B46D07E0010C316 /* Release */,
			);
			defaultConfigurationIsVisible = 0;
			defaultConfigurationName = Release;
		};
		AF5ACB062B46D07E0010C316 /* Build configuration list for PBXNativeTarget "ruplTests" */ = {
			isa = XCConfigurationList;
			buildConfigurations = (
				AF5ACB072B46D07E0010C316 /* Debug */,
				AF5ACB082B46D07E0010C316 /* Release */,
			);
			defaultConfigurationIsVisible = 0;
			defaultConfigurationName = Release;
		};
		AF5ACB092B46D07E0010C316 /* Build configuration list for PBXNativeTarget "ruplUITests" */ = {
			isa = XCConfigurationList;
			buildConfigurations = (
				AF5ACB0A2B46D07E0010C316 /* Debug */,
				AF5ACB0B2B46D07E0010C316 /* Release */,
			);
			defaultConfigurationIsVisible = 0;
			defaultConfigurationName = Release;
		};
		AF5ACB0C2B46D07E0010C316 /* Build configuration list for PBXNativeTarget "rupl Watch AppTests" */ = {
			isa = XCConfigurationList;
			buildConfigurations = (
				AF5ACB0D2B46D07E0010C316 /* Debug */,
				AF5ACB0E2B46D07E0010C316 /* Release */,
			);
			defaultConfigurationIsVisible = 0;
			defaultConfigurationName = Release;
		};
		AF5ACB0F2B46D07E0010C316 /* Build configuration list for PBXNativeTarget "rupl Watch AppUITests" */ = {
			isa = XCConfigurationList;
			buildConfigurations = (
				AF5ACB102B46D07E0010C316 /* Debug */,
				AF5ACB112B46D07E0010C316 /* Release */,
			);
			defaultConfigurationIsVisible = 0;
			defaultConfigurationName = Release;
		};
/* End XCConfigurationList section */
	};
	rootObject = AF5ACAAB2B46D0700010C316 /* Project object */;
}
