github.com/dredfort42/tools v0.0.5 h1:j0g6h3IIlUCzukweWm36JcqR6EF4utTvipebxmZ3Tt8=
github.com/dredfort42/tools v0.0.5/go.mod h1:0WykwDVmDuYms4t9SMalMHQ2EzZJDiYb+4a6E0azMIg=
github.com/dredfort42/tools v0.1.3 h1:YqlcmN8G/ykTij66Fgb9i5Y/5WkdPMELmkYm8Qxnrtw=
github.com/dredfort42/tools v0.1.3/go.mod h1:EI96Nl6vYFHeromtfOMR2dFMBvrOjICWp8TIuYwInDg=
